
Microsoft Visual Studio Solution File, Format Version 12.00
# Visual Studio Version 16
VisualStudioVersion = 16.0.29326.143
MinimumVisualStudioVersion = 10.0.40219.1
Project("{FAE04EC0-301F-11D3-BF4B-00C04F79EFBC}") = "TwitchQuestions", "TwitchQuestions\TwitchQuestions.csproj", "{601F0E0D-D662-46A7-B8BD-142887AE3BB3}"
EndProject
Global
	GlobalSection(SolutionConfigurationPlatforms) = preSolution
		Debug|Any CPU = Debug|Any CPU
		Release|Any CPU = Release|Any CPU
	EndGlobalSection
	GlobalSection(ProjectConfigurationPlatforms) = postSolution
		{601F0E0D-D662-46A7-B8BD-142887AE3BB3}.Debug|Any CPU.ActiveCfg = Debug|Any CPU
		{601F0E0D-D662-46A7-B8BD-142887AE3BB3}.Debug|Any CPU.Build.0 = Debug|Any CPU
		{601F0E0D-D662-46A7-B8BD-142887AE3BB3}.Release|Any CPU.ActiveCfg = Release|Any CPU
		{601F0E0D-D662-46A7-B8BD-142887AE3BB3}.Release|Any CPU.Build.0 = Release|Any CPU
	EndGlobalSection
	GlobalSection(SolutionProperties) = preSolution
		HideSolutionNode = FALSE
	EndGlobalSection
	GlobalSection(ExtensibilityGlobals) = postSolution
		SolutionGuid = {AFB694C9-F052-472C-859E-CDBE18006C01}
	EndGlobalSection
EndGlobal
